{
    "_readme": [
        "This file locks the dependencies of your project to a known state",
        "Read more about it at https://getcomposer.org/doc/01-basic-usage.md#installing-dependencies",
        "This file is @generated automatically"
    ],
    "content-hash": "a90e5d6bf6dc4c6bcc3c8184dc3a7fc1",
    "packages": [
        {
            "name": "fzaninotto/faker",
            "version": "v1.8.0",
            "source": {
                "type": "git",
                "url": "https://github.com/fzaninotto/Faker.git",
                "reference": "f72816b43e74063c8b10357394b6bba8cb1c10de"
            },
            "dist": {
                "type": "zip",
                "url": "https://api.github.com/repos/fzaninotto/Faker/zipball/f72816b43e74063c8b10357394b6bba8cb1c10de",
                "reference": "f72816b43e74063c8b10357394b6bba8cb1c10de",
                "shasum": ""
            },
            "require": {
                "php": "^5.3.3 || ^7.0"
            },
            "require-dev": {
                "ext-intl": "*",
                "phpunit/phpunit": "^4.8.35 || ^5.7",
                "squizlabs/php_codesniffer": "^1.5"
            },
            "type": "library",
            "extra": {
                "branch-alias": {
                    "dev-master": "1.8-dev"
                }
            },
            "autoload": {
                "psr-4": {
                    "Faker\\": "src/Faker/"
                }
            },
            "notification-url": "https://packagist.org/downloads/",
            "license": [
                "MIT"
            ],
            "authors": [
                {
                    "name": "François Zaninotto"
                }
            ],
            "description": "Faker is a PHP library that generates fake data for you.",
            "keywords": [
                "data",
                "faker",
                "fixtures"
            ],
            "time": "2018-07-12T10:23:15+00:00"
        },
        {
            "name": "linkorb/boost",
            "version": "v1.4.0",
            "source": {
                "type": "git",
                "url": "https://github.com/linkorb/boost.git",
                "reference": "e0b888fe6ba3f095b94f18236257e84764436812"
            },
            "dist": {
                "type": "zip",
                "url": "https://api.github.com/repos/linkorb/boost/zipball/e0b888fe6ba3f095b94f18236257e84764436812",
                "reference": "e0b888fe6ba3f095b94f18236257e84764436812",
                "shasum": ""
            },
            "type": "library",
            "autoload": {
                "psr-4": {
                    "Boost\\": "src/"
                }
            },
            "notification-url": "https://packagist.org/downloads/",
            "license": [
                "MIT"
            ],
            "authors": [
                {
                    "name": "Joost Faassen",
                    "email": "j.faassen@linkorb.com",
                    "homepage": "http://www.linkorb.com",
                    "role": "Developer"
                }
            ],
            "description": "PHP Utils for ninjas, warlocks and code-monkeys",
            "keywords": [
                "accessors",
                "code-monkey",
                "linkorb",
                "magic",
                "ninja",
                "php",
                "warlock"
            ],
            "time": "2018-02-23T09:33:35+00:00"
        },
        {
            "name": "linkorb/collection",
            "version": "v1.0.0",
            "source": {
                "type": "git",
                "url": "https://github.com/linkorb/collection.git",
                "reference": "ff2038ebd17ecb8bfd1becd7bc649f668d847b40"
            },
            "dist": {
                "type": "zip",
                "url": "https://api.github.com/repos/linkorb/collection/zipball/ff2038ebd17ecb8bfd1becd7bc649f668d847b40",
                "reference": "ff2038ebd17ecb8bfd1becd7bc649f668d847b40",
                "shasum": ""
            },
            "type": "application",
            "autoload": {
                "psr-4": {
                    "Collection\\": "src/"
                }
            },
            "notification-url": "https://packagist.org/downloads/",
            "license": [
                "MIT"
            ],
            "authors": [
                {
                    "name": "LinkORB",
                    "email": "engineering@linkorb.com",
                    "role": "Development"
                }
            ],
            "description": "Super powered collections",
            "homepage": "https://github.com/linkorb/collection",
            "keywords": [
                "array",
                "collection",
                "data structure",
                "linkorb",
                "php-ds"
            ],
            "time": "2017-08-05T08:56:43+00:00"
        },
        {
            "name": "linkorb/connector",
            "version": "v1.0.0",
            "source": {
                "type": "git",
                "url": "https://github.com/linkorb/connector.git",
                "reference": "e97ab41983afd552dc207d2766244885d6676912"
            },
            "dist": {
                "type": "zip",
                "url": "https://api.github.com/repos/linkorb/connector/zipball/e97ab41983afd552dc207d2766244885d6676912",
                "reference": "e97ab41983afd552dc207d2766244885d6676912",
                "shasum": ""
            },
            "require": {
                "php": ">=5.4.0"
            },
            "type": "library",
            "autoload": {
                "psr-4": {
                    "Connector\\": "src/"
                }
            },
            "notification-url": "https://packagist.org/downloads/",
            "license": [
                "MIT"
            ],
            "authors": [
                {
                    "name": "Joost Faassen",
                    "email": "j.faassen@linkorb.com",
                    "role": "Development"
                }
            ],
            "description": "Database connection config resolver",
            "homepage": "http://www.github.com/linkorb/connector",
            "keywords": [
                "connector",
                "linkorb",
                "pdo",
                "php"
            ],
            "time": "2017-02-08T14:06:32+00:00"
        },
        {
            "name": "symfony/yaml",
            "version": "v3.3.17",
            "source": {
                "type": "git",
                "url": "https://github.com/symfony/yaml.git",
                "reference": "af615970e265543a26ee712c958404eb9b7ac93d"
            },
            "dist": {
                "type": "zip",
                "url": "https://api.github.com/repos/symfony/yaml/zipball/af615970e265543a26ee712c958404eb9b7ac93d",
                "reference": "af615970e265543a26ee712c958404eb9b7ac93d",
                "shasum": ""
            },
            "require": {
                "php": "^5.5.9|>=7.0.8"
            },
            "require-dev": {
                "symfony/console": "~2.8|~3.0"
            },
            "suggest": {
                "symfony/console": "For validating YAML files using the lint command"
            },
            "type": "library",
            "extra": {
                "branch-alias": {
                    "dev-master": "3.3-dev"
                }
            },
            "autoload": {
                "psr-4": {
                    "Symfony\\Component\\Yaml\\": ""
                },
                "exclude-from-classmap": [
                    "/Tests/"
                ]
            },
            "notification-url": "https://packagist.org/downloads/",
            "license": [
                "MIT"
            ],
            "authors": [
                {
                    "name": "Fabien Potencier",
                    "email": "fabien@symfony.com"
                },
                {
                    "name": "Symfony Community",
                    "homepage": "https://symfony.com/contributors"
                }
            ],
            "description": "Symfony Yaml Component",
            "homepage": "https://symfony.com",
            "time": "2018-01-20T15:04:53+00:00"
        }
    ],
    "packages-dev": [
        {
            "name": "psr/log",
            "version": "1.0.2",
            "source": {
                "type": "git",
                "url": "https://github.com/php-fig/log.git",
                "reference": "4ebe3a8bf773a19edfe0a84b6585ba3d401b724d"
            },
            "dist": {
                "type": "zip",
                "url": "https://api.github.com/repos/php-fig/log/zipball/4ebe3a8bf773a19edfe0a84b6585ba3d401b724d",
                "reference": "4ebe3a8bf773a19edfe0a84b6585ba3d401b724d",
                "shasum": ""
            },
            "require": {
                "php": ">=5.3.0"
            },
            "type": "library",
            "extra": {
                "branch-alias": {
                    "dev-master": "1.0.x-dev"
                }
            },
            "autoload": {
                "psr-4": {
                    "Psr\\Log\\": "Psr/Log/"
                }
            },
            "notification-url": "https://packagist.org/downloads/",
            "license": [
                "MIT"
            ],
            "authors": [
                {
                    "name": "PHP-FIG",
                    "homepage": "http://www.php-fig.org/"
                }
            ],
            "description": "Common interface for logging libraries",
            "homepage": "https://github.com/php-fig/log",
            "keywords": [
                "log",
                "psr",
                "psr-3"
            ],
            "time": "2016-10-10T12:19:37+00:00"
        },
        {
            "name": "symfony/console",
            "version": "v2.8.43",
            "source": {
                "type": "git",
                "url": "https://github.com/symfony/console.git",
                "reference": "42a0adc7dd656ca2e360285eb6d822df9ce0b160"
            },
            "dist": {
                "type": "zip",
                "url": "https://api.github.com/repos/symfony/console/zipball/42a0adc7dd656ca2e360285eb6d822df9ce0b160",
                "reference": "42a0adc7dd656ca2e360285eb6d822df9ce0b160",
                "shasum": ""
            },
            "require": {
                "php": ">=5.3.9",
                "symfony/debug": "^2.7.2|~3.0.0",
                "symfony/polyfill-mbstring": "~1.0"
            },
            "require-dev": {
                "psr/log": "~1.0",
                "symfony/event-dispatcher": "~2.1|~3.0.0",
                "symfony/process": "~2.1|~3.0.0"
            },
            "suggest": {
                "psr/log-implementation": "For using the console logger",
                "symfony/event-dispatcher": "",
                "symfony/process": ""
            },
            "type": "library",
            "extra": {
                "branch-alias": {
                    "dev-master": "2.8-dev"
                }
            },
            "autoload": {
                "psr-4": {
                    "Symfony\\Component\\Console\\": ""
                },
                "exclude-from-classmap": [
                    "/Tests/"
                ]
            },
            "notification-url": "https://packagist.org/downloads/",
            "license": [
                "MIT"
            ],
            "authors": [
                {
                    "name": "Fabien Potencier",
                    "email": "fabien@symfony.com"
                },
                {
                    "name": "Symfony Community",
                    "homepage": "https://symfony.com/contributors"
                }
            ],
            "description": "Symfony Console Component",
            "homepage": "https://symfony.com",
            "time": "2018-07-09T12:58:09+00:00"
        },
        {
            "name": "symfony/debug",
            "version": "v3.0.9",
            "source": {
                "type": "git",
                "url": "https://github.com/symfony/debug.git",
                "reference": "697c527acd9ea1b2d3efac34d9806bf255278b0a"
            },
            "dist": {
                "type": "zip",
                "url": "https://api.github.com/repos/symfony/debug/zipball/697c527acd9ea1b2d3efac34d9806bf255278b0a",
                "reference": "697c527acd9ea1b2d3efac34d9806bf255278b0a",
                "shasum": ""
            },
            "require": {
                "php": ">=5.5.9",
                "psr/log": "~1.0"
            },
            "conflict": {
                "symfony/http-kernel": ">=2.3,<2.3.24|~2.4.0|>=2.5,<2.5.9|>=2.6,<2.6.2"
            },
            "require-dev": {
                "symfony/class-loader": "~2.8|~3.0",
                "symfony/http-kernel": "~2.8|~3.0"
            },
            "type": "library",
            "extra": {
                "branch-alias": {
                    "dev-master": "3.0-dev"
                }
            },
            "autoload": {
                "psr-4": {
                    "Symfony\\Component\\Debug\\": ""
                },
                "exclude-from-classmap": [
                    "/Tests/"
                ]
            },
            "notification-url": "https://packagist.org/downloads/",
            "license": [
                "MIT"
            ],
            "authors": [
                {
                    "name": "Fabien Potencier",
                    "email": "fabien@symfony.com"
                },
                {
                    "name": "Symfony Community",
                    "homepage": "https://symfony.com/contributors"
                }
            ],
            "description": "Symfony Debug Component",
            "homepage": "https://symfony.com",
            "time": "2016-07-30T07:22:48+00:00"
        },
        {
            "name": "symfony/dotenv",
            "version": "v3.4.13",
            "source": {
                "type": "git",
                "url": "https://github.com/symfony/dotenv.git",
                "reference": "66265f80c0f585cd6aec3fbdfc4ffdf7a0d75992"
            },
            "dist": {
                "type": "zip",
                "url": "https://api.github.com/repos/symfony/dotenv/zipball/66265f80c0f585cd6aec3fbdfc4ffdf7a0d75992",
                "reference": "66265f80c0f585cd6aec3fbdfc4ffdf7a0d75992",
                "shasum": ""
            },
            "require": {
                "php": "^5.5.9|>=7.0.8"
            },
            "require-dev": {
                "symfony/process": "~3.2|~4.0"
            },
            "type": "library",
            "extra": {
                "branch-alias": {
                    "dev-master": "3.4-dev"
                }
            },
            "autoload": {
                "psr-4": {
                    "Symfony\\Component\\Dotenv\\": ""
                },
                "exclude-from-classmap": [
                    "/Tests/"
                ]
            },
            "notification-url": "https://packagist.org/downloads/",
            "license": [
                "MIT"
            ],
            "authors": [
                {
                    "name": "Fabien Potencier",
                    "email": "fabien@symfony.com"
                },
                {
                    "name": "Symfony Community",
                    "homepage": "https://symfony.com/contributors"
                }
            ],
            "description": "Registers environment variables from a .env file",
            "homepage": "https://symfony.com",
            "keywords": [
                "dotenv",
                "env",
                "environment"
            ],
            "time": "2018-01-03T17:14:19+00:00"
        },
        {
            "name": "symfony/polyfill-mbstring",
            "version": "v1.8.0",
            "source": {
                "type": "git",
                "url": "https://github.com/symfony/polyfill-mbstring.git",
                "reference": "3296adf6a6454a050679cde90f95350ad604b171"
            },
            "dist": {
                "type": "zip",
                "url": "https://api.github.com/repos/symfony/polyfill-mbstring/zipball/3296adf6a6454a050679cde90f95350ad604b171",
                "reference": "3296adf6a6454a050679cde90f95350ad604b171",
                "shasum": ""
            },
            "require": {
                "php": ">=5.3.3"
            },
            "suggest": {
                "ext-mbstring": "For best performance"
            },
            "type": "library",
            "extra": {
                "branch-alias": {
                    "dev-master": "1.8-dev"
                }
            },
            "autoload": {
                "psr-4": {
                    "Symfony\\Polyfill\\Mbstring\\": ""
                },
                "files": [
                    "bootstrap.php"
                ]
            },
            "notification-url": "https://packagist.org/downloads/",
            "license": [
                "MIT"
            ],
            "authors": [
                {
                    "name": "Nicolas Grekas",
                    "email": "p@tchwork.com"
                },
                {
                    "name": "Symfony Community",
                    "homepage": "https://symfony.com/contributors"
                }
            ],
            "description": "Symfony polyfill for the Mbstring extension",
            "homepage": "https://symfony.com",
            "keywords": [
                "compatibility",
                "mbstring",
                "polyfill",
                "portable",
                "shim"
            ],
            "time": "2018-04-26T10:06:28+00:00"
        }
    ],
    "aliases": [],
    "minimum-stability": "stable",
    "stability-flags": [],
    "prefer-stable": false,
    "prefer-lowest": false,
    "platform": [],
    "platform-dev": []
}
